
Microsoft Visual Studio Solution File, Format Version 12.00
# Visual Studio Version 16
VisualStudioVersion = 16.0.30611.23
MinimumVisualStudioVersion = 10.0.40219.1
Project("{FAE04EC0-301F-11D3-BF4B-00C04F79EFBC}") = "APIGateway", "APIGateway\APIGateway.csproj", "{F950A453-76A1-482C-A717-EB2F5990229C}"
EndProject
Project("{2150E333-8FDC-42A3-9474-1A3956D46DE8}") = "Services", "Services", "{34DBF2B2-3C86-4535-990A-E56E3AE873A5}"
EndProject
Project("{FAE04EC0-301F-11D3-BF4B-00C04F79EFBC}") = "Contact.API", "Services\ContactAPI\Contact.API\Contact.API.csproj", "{E2C9021E-E98E-4DD7-B48A-9B90CAAC77CA}"
EndProject
Project("{FAE04EC0-301F-11D3-BF4B-00C04F79EFBC}") = "Reservation.API", "Services\RestAPI\Reservation.API\Reservation.API.csproj", "{41BF5E6A-AA63-4F76-984E-E2068FF6D5DF}"
EndProject
Project("{2150E333-8FDC-42A3-9474-1A3956D46DE8}") = "ContactAPI", "ContactAPI", "{722812F6-BB8E-4D28-AE8C-18C98F192835}"
EndProject
Project("{2150E333-8FDC-42A3-9474-1A3956D46DE8}") = "ReservationAPI", "ReservationAPI", "{19AE0A89-E59B-4225-A4AE-148E4DA97948}"
EndProject
Project("{FAE04EC0-301F-11D3-BF4B-00C04F79EFBC}") = "Contact.API.Infrastructure", "Services\ContactAPI\ContactAPI.Infrastructure\Contact.API.Infrastructure.csproj", "{0EF25707-C83A-451F-8CA5-45B4494C7D4F}"
EndProject
Project("{FAE04EC0-301F-11D3-BF4B-00C04F79EFBC}") = "Contact.API.Model", "Services\ContactAPI\Contact.API.Model\Contact.API.Model.csproj", "{A391E3E8-E8F0-4A74-97A1-6C92B3B6F2A4}"
EndProject
Project("{FAE04EC0-301F-11D3-BF4B-00C04F79EFBC}") = "Contact.API.Services", "Services\ContactAPI\Contact.API.Services\Contact.API.Services.csproj", "{D52BD1B7-B87F-476F-9F1C-B30D1B2E039B}"
EndProject
Project("{FAE04EC0-301F-11D3-BF4B-00C04F79EFBC}") = "Reservation.API.Infrastructure", "Services\RestAPI\Reservation.API.Infrastructure\Reservation.API.Infrastructure.csproj", "{330C36FF-DD70-4180-BCD4-825A9A0BD731}"
EndProject
Project("{FAE04EC0-301F-11D3-BF4B-00C04F79EFBC}") = "Reservation.API.Models", "Services\RestAPI\Reservation.API.Models\Reservation.API.Models.csproj", "{C23FCC8C-C90A-4D4A-B29E-D89BA573C96F}"
EndProject
Project("{FAE04EC0-301F-11D3-BF4B-00C04F79EFBC}") = "Reservation.API.Services", "Services\RestAPI\Reservation.API.Services\Reservation.API.Services.csproj", "{F242DC03-4A35-40B8-ABE5-4837BAE2A1E0}"
EndProject
Global
	GlobalSection(SolutionConfigurationPlatforms) = preSolution
		Debug|Any CPU = Debug|Any CPU
		Release|Any CPU = Release|Any CPU
	EndGlobalSection
	GlobalSection(ProjectConfigurationPlatforms) = postSolution
		{F950A453-76A1-482C-A717-EB2F5990229C}.Debug|Any CPU.ActiveCfg = Debug|Any CPU
		{F950A453-76A1-482C-A717-EB2F5990229C}.Debug|Any CPU.Build.0 = Debug|Any CPU
		{F950A453-76A1-482C-A717-EB2F5990229C}.Release|Any CPU.ActiveCfg = Release|Any CPU
		{F950A453-76A1-482C-A717-EB2F5990229C}.Release|Any CPU.Build.0 = Release|Any CPU
		{E2C9021E-E98E-4DD7-B48A-9B90CAAC77CA}.Debug|Any CPU.ActiveCfg = Debug|Any CPU
		{E2C9021E-E98E-4DD7-B48A-9B90CAAC77CA}.Debug|Any CPU.Build.0 = Debug|Any CPU
		{E2C9021E-E98E-4DD7-B48A-9B90CAAC77CA}.Release|Any CPU.ActiveCfg = Release|Any CPU
		{E2C9021E-E98E-4DD7-B48A-9B90CAAC77CA}.Release|Any CPU.Build.0 = Release|Any CPU
		{41BF5E6A-AA63-4F76-984E-E2068FF6D5DF}.Debug|Any CPU.ActiveCfg = Debug|Any CPU
		{41BF5E6A-AA63-4F76-984E-E2068FF6D5DF}.Debug|Any CPU.Build.0 = Debug|Any CPU
		{41BF5E6A-AA63-4F76-984E-E2068FF6D5DF}.Release|Any CPU.ActiveCfg = Release|Any CPU
		{41BF5E6A-AA63-4F76-984E-E2068FF6D5DF}.Release|Any CPU.Build.0 = Release|Any CPU
		{0EF25707-C83A-451F-8CA5-45B4494C7D4F}.Debug|Any CPU.ActiveCfg = Debug|Any CPU
		{0EF25707-C83A-451F-8CA5-45B4494C7D4F}.Debug|Any CPU.Build.0 = Debug|Any CPU
		{0EF25707-C83A-451F-8CA5-45B4494C7D4F}.Release|Any CPU.ActiveCfg = Release|Any CPU
		{0EF25707-C83A-451F-8CA5-45B4494C7D4F}.Release|Any CPU.Build.0 = Release|Any CPU
		{A391E3E8-E8F0-4A74-97A1-6C92B3B6F2A4}.Debug|Any CPU.ActiveCfg = Debug|Any CPU
		{A391E3E8-E8F0-4A74-97A1-6C92B3B6F2A4}.Debug|Any CPU.Build.0 = Debug|Any CPU
		{A391E3E8-E8F0-4A74-97A1-6C92B3B6F2A4}.Release|Any CPU.ActiveCfg = Release|Any CPU
		{A391E3E8-E8F0-4A74-97A1-6C92B3B6F2A4}.Release|Any CPU.Build.0 = Release|Any CPU
		{D52BD1B7-B87F-476F-9F1C-B30D1B2E039B}.Debug|Any CPU.ActiveCfg = Debug|Any CPU
		{D52BD1B7-B87F-476F-9F1C-B30D1B2E039B}.Debug|Any CPU.Build.0 = Debug|Any CPU
		{D52BD1B7-B87F-476F-9F1C-B30D1B2E039B}.Release|Any CPU.ActiveCfg = Release|Any CPU
		{D52BD1B7-B87F-476F-9F1C-B30D1B2E039B}.Release|Any CPU.Build.0 = Release|Any CPU
		{330C36FF-DD70-4180-BCD4-825A9A0BD731}.Debug|Any CPU.ActiveCfg = Debug|Any CPU
		{330C36FF-DD70-4180-BCD4-825A9A0BD731}.Debug|Any CPU.Build.0 = Debug|Any CPU
		{330C36FF-DD70-4180-BCD4-825A9A0BD731}.Release|Any CPU.ActiveCfg = Release|Any CPU
		{330C36FF-DD70-4180-BCD4-825A9A0BD731}.Release|Any CPU.Build.0 = Release|Any CPU
		{C23FCC8C-C90A-4D4A-B29E-D89BA573C96F}.Debug|Any CPU.ActiveCfg = Debug|Any CPU
		{C23FCC8C-C90A-4D4A-B29E-D89BA573C96F}.Debug|Any CPU.Build.0 = Debug|Any CPU
		{C23FCC8C-C90A-4D4A-B29E-D89BA573C96F}.Release|Any CPU.ActiveCfg = Release|Any CPU
		{C23FCC8C-C90A-4D4A-B29E-D89BA573C96F}.Release|Any CPU.Build.0 = Release|Any CPU
		{F242DC03-4A35-40B8-ABE5-4837BAE2A1E0}.Debug|Any CPU.ActiveCfg = Debug|Any CPU
		{F242DC03-4A35-40B8-ABE5-4837BAE2A1E0}.Debug|Any CPU.Build.0 = Debug|Any CPU
		{F242DC03-4A35-40B8-ABE5-4837BAE2A1E0}.Release|Any CPU.ActiveCfg = Release|Any CPU
		{F242DC03-4A35-40B8-ABE5-4837BAE2A1E0}.Release|Any CPU.Build.0 = Release|Any CPU
	EndGlobalSection
	GlobalSection(SolutionProperties) = preSolution
		HideSolutionNode = FALSE
	EndGlobalSection
	GlobalSection(NestedProjects) = preSolution
		{E2C9021E-E98E-4DD7-B48A-9B90CAAC77CA} = {722812F6-BB8E-4D28-AE8C-18C98F192835}
		{41BF5E6A-AA63-4F76-984E-E2068FF6D5DF} = {19AE0A89-E59B-4225-A4AE-148E4DA97948}
		{722812F6-BB8E-4D28-AE8C-18C98F192835} = {34DBF2B2-3C86-4535-990A-E56E3AE873A5}
		{19AE0A89-E59B-4225-A4AE-148E4DA97948} = {34DBF2B2-3C86-4535-990A-E56E3AE873A5}
		{0EF25707-C83A-451F-8CA5-45B4494C7D4F} = {722812F6-BB8E-4D28-AE8C-18C98F192835}
		{A391E3E8-E8F0-4A74-97A1-6C92B3B6F2A4} = {722812F6-BB8E-4D28-AE8C-18C98F192835}
		{D52BD1B7-B87F-476F-9F1C-B30D1B2E039B} = {722812F6-BB8E-4D28-AE8C-18C98F192835}
		{330C36FF-DD70-4180-BCD4-825A9A0BD731} = {19AE0A89-E59B-4225-A4AE-148E4DA97948}
		{C23FCC8C-C90A-4D4A-B29E-D89BA573C96F} = {19AE0A89-E59B-4225-A4AE-148E4DA97948}
		{F242DC03-4A35-40B8-ABE5-4837BAE2A1E0} = {19AE0A89-E59B-4225-A4AE-148E4DA97948}
	EndGlobalSection
	GlobalSection(ExtensibilityGlobals) = postSolution
		SolutionGuid = {00DFD74C-5513-481C-A02C-3CBFB05DDDC3}
	EndGlobalSection
EndGlobal
